{
  "object": {
    "pins": [
      {
        "package": "Features",
        "repositoryURL": "https://github.com/refined-swift/Features.git",
        "state": {
          "branch": "master",
          "revision": "bb321a678480efe4d21afc27c31b9f7efd1ce286",
          "version": null
        }
      }
    ]
  },
  "version": 1
}
