{
  "object": {
    "pins": [
      {
        "package": "Features",
        "repositoryURL": "https://github.com/refined-swift/Features.git",
        "state": {
          "branch": "master",
          "revision": "7fc9f6ddc8f7237d73555b08274d680dd4d2abd7",
          "version": null
        }
      }
    ]
  },
  "version": 1
}
